
Microsoft Visual Studio Solution File, Format Version 12.00
# Visual Studio Version 17
VisualStudioVersion = 17.7.34031.279
MinimumVisualStudioVersion = 10.0.40219.1
Project("{9A19103F-16F7-4668-BE54-9A1E7A4F7556}") = "Migrations", "Migrations\Migrations.csproj", "{9EE42FF9-5452-4CC5-9FF5-89BB33112CCC}"
EndProject
Project("{2150E333-8FDC-42A3-9474-1A3956D46DE8}") = "src", "src", "{788D1DA0-A801-4C59-AA56-18276FA62E0A}"
EndProject
Project("{2150E333-8FDC-42A3-9474-1A3956D46DE8}") = "API", "API", "{F29F6457-E937-4397-914E-2480B9B5DAB7}"
EndProject
Project("{9A19103F-16F7-4668-BE54-9A1E7A4F7556}") = "ElmTest.API", "src\ElmTest.API\ElmTest.API.csproj", "{6E61397D-2885-4A11-9C42-97447630D4BA}"
EndProject
Project("{2150E333-8FDC-42A3-9474-1A3956D46DE8}") = "Application", "Application", "{C3C22156-2589-4E82-919C-82579C0F14F8}"
EndProject
Project("{2150E333-8FDC-42A3-9474-1A3956D46DE8}") = "Domain", "Domain", "{52D6E286-577C-407A-8665-29D91A53F59B}"
EndProject
Project("{2150E333-8FDC-42A3-9474-1A3956D46DE8}") = "Infrastructure", "Infrastructure", "{D62E4CB7-B398-4D6B-AC70-263E3BA91396}"
EndProject
Project("{2150E333-8FDC-42A3-9474-1A3956D46DE8}") = "Shared", "Shared", "{5F81B60F-B73E-47E5-90E7-9F03D29409D3}"
EndProject
Project("{9A19103F-16F7-4668-BE54-9A1E7A4F7556}") = "ElmTest.Application", "src\ElmTest.Application\ElmTest.Application.csproj", "{2CF93E2A-8BB1-4DE4-BD73-872B215DA27F}"
EndProject
Project("{9A19103F-16F7-4668-BE54-9A1E7A4F7556}") = "ElmTest.Application.Contracts", "src\ElmTest.Application.Contracts\ElmTest.Application.Contracts.csproj", "{3601B244-AB36-458A-AA1C-03B5885B0B9F}"
EndProject
Project("{9A19103F-16F7-4668-BE54-9A1E7A4F7556}") = "ElmTest.Domain", "src\ElmTest.Domain\ElmTest.Domain.csproj", "{BA21190D-7969-4763-A384-B71F988FAB1A}"
EndProject
Project("{9A19103F-16F7-4668-BE54-9A1E7A4F7556}") = "ElmTest.Infrastructure", "src\ElmTest.SqlServer\ElmTest.Infrastructure.csproj", "{434D2C6A-EC3E-49BF-98B2-0E98B018EB06}"
EndProject
Project("{9A19103F-16F7-4668-BE54-9A1E7A4F7556}") = "ElmTest.Shared", "src\ElmTest.Shared\ElmTest.Shared.csproj", "{314945BA-B52B-46BC-8BBA-14F4FDFDEE1D}"
EndProject
Project("{2150E333-8FDC-42A3-9474-1A3956D46DE8}") = "Tests", "Tests", "{52DBE282-B708-4165-92EB-19FC492105DD}"
EndProject
Project("{9A19103F-16F7-4668-BE54-9A1E7A4F7556}") = "ElmTest.API.Tests", "src\ElmTest.API.Tests\ElmTest.API.Tests.csproj", "{E0B7FA4E-7AAE-4E2B-8ADB-D1DFD4BADE9B}"
EndProject
Project("{2150E333-8FDC-42A3-9474-1A3956D46DE8}") = "Web", "Web", "{1BC584B0-DB66-4ACE-A52D-732DA82305D7}"
EndProject
Project("{54A90642-561A-4BB1-A94E-469ADEE60C69}") = "ElmTest.Web", "src\ElmTest.Web\ElmTest.Web.esproj", "{6BB7B4DA-E3B2-48DC-9077-D12B3AEC38D4}"
EndProject
Global
	GlobalSection(SolutionConfigurationPlatforms) = preSolution
		Debug|Any CPU = Debug|Any CPU
		Release|Any CPU = Release|Any CPU
	EndGlobalSection
	GlobalSection(ProjectConfigurationPlatforms) = postSolution
		{9EE42FF9-5452-4CC5-9FF5-89BB33112CCC}.Debug|Any CPU.ActiveCfg = Debug|Any CPU
		{9EE42FF9-5452-4CC5-9FF5-89BB33112CCC}.Debug|Any CPU.Build.0 = Debug|Any CPU
		{9EE42FF9-5452-4CC5-9FF5-89BB33112CCC}.Release|Any CPU.ActiveCfg = Release|Any CPU
		{9EE42FF9-5452-4CC5-9FF5-89BB33112CCC}.Release|Any CPU.Build.0 = Release|Any CPU
		{6E61397D-2885-4A11-9C42-97447630D4BA}.Debug|Any CPU.ActiveCfg = Debug|Any CPU
		{6E61397D-2885-4A11-9C42-97447630D4BA}.Debug|Any CPU.Build.0 = Debug|Any CPU
		{6E61397D-2885-4A11-9C42-97447630D4BA}.Release|Any CPU.ActiveCfg = Release|Any CPU
		{6E61397D-2885-4A11-9C42-97447630D4BA}.Release|Any CPU.Build.0 = Release|Any CPU
		{2CF93E2A-8BB1-4DE4-BD73-872B215DA27F}.Debug|Any CPU.ActiveCfg = Debug|Any CPU
		{2CF93E2A-8BB1-4DE4-BD73-872B215DA27F}.Debug|Any CPU.Build.0 = Debug|Any CPU
		{2CF93E2A-8BB1-4DE4-BD73-872B215DA27F}.Release|Any CPU.ActiveCfg = Release|Any CPU
		{2CF93E2A-8BB1-4DE4-BD73-872B215DA27F}.Release|Any CPU.Build.0 = Release|Any CPU
		{3601B244-AB36-458A-AA1C-03B5885B0B9F}.Debug|Any CPU.ActiveCfg = Debug|Any CPU
		{3601B244-AB36-458A-AA1C-03B5885B0B9F}.Debug|Any CPU.Build.0 = Debug|Any CPU
		{3601B244-AB36-458A-AA1C-03B5885B0B9F}.Release|Any CPU.ActiveCfg = Release|Any CPU
		{3601B244-AB36-458A-AA1C-03B5885B0B9F}.Release|Any CPU.Build.0 = Release|Any CPU
		{BA21190D-7969-4763-A384-B71F988FAB1A}.Debug|Any CPU.ActiveCfg = Debug|Any CPU
		{BA21190D-7969-4763-A384-B71F988FAB1A}.Debug|Any CPU.Build.0 = Debug|Any CPU
		{BA21190D-7969-4763-A384-B71F988FAB1A}.Release|Any CPU.ActiveCfg = Release|Any CPU
		{BA21190D-7969-4763-A384-B71F988FAB1A}.Release|Any CPU.Build.0 = Release|Any CPU
		{434D2C6A-EC3E-49BF-98B2-0E98B018EB06}.Debug|Any CPU.ActiveCfg = Debug|Any CPU
		{434D2C6A-EC3E-49BF-98B2-0E98B018EB06}.Debug|Any CPU.Build.0 = Debug|Any CPU
		{434D2C6A-EC3E-49BF-98B2-0E98B018EB06}.Release|Any CPU.ActiveCfg = Release|Any CPU
		{434D2C6A-EC3E-49BF-98B2-0E98B018EB06}.Release|Any CPU.Build.0 = Release|Any CPU
		{314945BA-B52B-46BC-8BBA-14F4FDFDEE1D}.Debug|Any CPU.ActiveCfg = Debug|Any CPU
		{314945BA-B52B-46BC-8BBA-14F4FDFDEE1D}.Debug|Any CPU.Build.0 = Debug|Any CPU
		{314945BA-B52B-46BC-8BBA-14F4FDFDEE1D}.Release|Any CPU.ActiveCfg = Release|Any CPU
		{314945BA-B52B-46BC-8BBA-14F4FDFDEE1D}.Release|Any CPU.Build.0 = Release|Any CPU
		{E0B7FA4E-7AAE-4E2B-8ADB-D1DFD4BADE9B}.Debug|Any CPU.ActiveCfg = Debug|Any CPU
		{E0B7FA4E-7AAE-4E2B-8ADB-D1DFD4BADE9B}.Debug|Any CPU.Build.0 = Debug|Any CPU
		{E0B7FA4E-7AAE-4E2B-8ADB-D1DFD4BADE9B}.Release|Any CPU.ActiveCfg = Release|Any CPU
		{E0B7FA4E-7AAE-4E2B-8ADB-D1DFD4BADE9B}.Release|Any CPU.Build.0 = Release|Any CPU
		{6BB7B4DA-E3B2-48DC-9077-D12B3AEC38D4}.Debug|Any CPU.ActiveCfg = Debug|Any CPU
		{6BB7B4DA-E3B2-48DC-9077-D12B3AEC38D4}.Debug|Any CPU.Build.0 = Debug|Any CPU
		{6BB7B4DA-E3B2-48DC-9077-D12B3AEC38D4}.Debug|Any CPU.Deploy.0 = Debug|Any CPU
		{6BB7B4DA-E3B2-48DC-9077-D12B3AEC38D4}.Release|Any CPU.ActiveCfg = Release|Any CPU
		{6BB7B4DA-E3B2-48DC-9077-D12B3AEC38D4}.Release|Any CPU.Build.0 = Release|Any CPU
		{6BB7B4DA-E3B2-48DC-9077-D12B3AEC38D4}.Release|Any CPU.Deploy.0 = Release|Any CPU
	EndGlobalSection
	GlobalSection(SolutionProperties) = preSolution
		HideSolutionNode = FALSE
	EndGlobalSection
	GlobalSection(NestedProjects) = preSolution
		{F29F6457-E937-4397-914E-2480B9B5DAB7} = {788D1DA0-A801-4C59-AA56-18276FA62E0A}
		{6E61397D-2885-4A11-9C42-97447630D4BA} = {F29F6457-E937-4397-914E-2480B9B5DAB7}
		{C3C22156-2589-4E82-919C-82579C0F14F8} = {788D1DA0-A801-4C59-AA56-18276FA62E0A}
		{52D6E286-577C-407A-8665-29D91A53F59B} = {788D1DA0-A801-4C59-AA56-18276FA62E0A}
		{D62E4CB7-B398-4D6B-AC70-263E3BA91396} = {788D1DA0-A801-4C59-AA56-18276FA62E0A}
		{5F81B60F-B73E-47E5-90E7-9F03D29409D3} = {788D1DA0-A801-4C59-AA56-18276FA62E0A}
		{2CF93E2A-8BB1-4DE4-BD73-872B215DA27F} = {C3C22156-2589-4E82-919C-82579C0F14F8}
		{3601B244-AB36-458A-AA1C-03B5885B0B9F} = {C3C22156-2589-4E82-919C-82579C0F14F8}
		{BA21190D-7969-4763-A384-B71F988FAB1A} = {52D6E286-577C-407A-8665-29D91A53F59B}
		{434D2C6A-EC3E-49BF-98B2-0E98B018EB06} = {D62E4CB7-B398-4D6B-AC70-263E3BA91396}
		{314945BA-B52B-46BC-8BBA-14F4FDFDEE1D} = {5F81B60F-B73E-47E5-90E7-9F03D29409D3}
		{52DBE282-B708-4165-92EB-19FC492105DD} = {788D1DA0-A801-4C59-AA56-18276FA62E0A}
		{E0B7FA4E-7AAE-4E2B-8ADB-D1DFD4BADE9B} = {52DBE282-B708-4165-92EB-19FC492105DD}
		{1BC584B0-DB66-4ACE-A52D-732DA82305D7} = {788D1DA0-A801-4C59-AA56-18276FA62E0A}
		{6BB7B4DA-E3B2-48DC-9077-D12B3AEC38D4} = {1BC584B0-DB66-4ACE-A52D-732DA82305D7}
	EndGlobalSection
	GlobalSection(ExtensibilityGlobals) = postSolution
		SolutionGuid = {833EA171-BF04-4381-A348-577F82CFBD6A}
	EndGlobalSection
EndGlobal
